
Microsoft Visual Studio Solution File, Format Version 12.00
# Visual Studio 2012
Project("{FAE04EC0-301F-11D3-BF4B-00C04F79EFBC}") = "Accelerator.SalesCloud.Client", "Accelerator.SalesCloud.Client\Accelerator.SalesCloud.Client.csproj", "{3AB7FADD-71A5-4A37-B03D-675EC074F5F8}"
EndProject
Project("{FAE04EC0-301F-11D3-BF4B-00C04F79EFBC}") = "Accelerator.SalesCloud.LeadOpportunityAddIn", "Accelerator.SalesCloud.LeadOpportunityAddIn\Accelerator.SalesCloud.LeadOpportunityAddIn.csproj", "{487C5041-2C39-419B-BD7D-1D08BF309724}"
EndProject
Project("{FAE04EC0-301F-11D3-BF4B-00C04F79EFBC}") = "Accelerator.SalesCloud.OpportunityReportAddIn", "Accelerator.SalesCloud.OpportunityReportAddIn\Accelerator.SalesCloud.OpportunityReportAddIn.csproj", "{45CEB7DA-5AF3-4296-A20A-3B0283C262BE}"
	ProjectSection(ProjectDependencies) = postProject
		{3AB7FADD-71A5-4A37-B03D-675EC074F5F8} = {3AB7FADD-71A5-4A37-B03D-675EC074F5F8}
	EndProjectSection
EndProject
Project("{FAE04EC0-301F-11D3-BF4B-00C04F79EFBC}") = "TestServices", "TestServices\TestServices.csproj", "{B0740A16-EEDC-4F1C-BE91-C7BF5B0D93E0}"
EndProject
Global
	GlobalSection(SolutionConfigurationPlatforms) = preSolution
		Debug|Any CPU = Debug|Any CPU
		Release|Any CPU = Release|Any CPU
	EndGlobalSection
	GlobalSection(ProjectConfigurationPlatforms) = postSolution
		{3AB7FADD-71A5-4A37-B03D-675EC074F5F8}.Debug|Any CPU.ActiveCfg = Debug|Any CPU
		{3AB7FADD-71A5-4A37-B03D-675EC074F5F8}.Debug|Any CPU.Build.0 = Debug|Any CPU
		{3AB7FADD-71A5-4A37-B03D-675EC074F5F8}.Release|Any CPU.ActiveCfg = Release|Any CPU
		{3AB7FADD-71A5-4A37-B03D-675EC074F5F8}.Release|Any CPU.Build.0 = Release|Any CPU
		{487C5041-2C39-419B-BD7D-1D08BF309724}.Debug|Any CPU.ActiveCfg = Debug|Any CPU
		{487C5041-2C39-419B-BD7D-1D08BF309724}.Debug|Any CPU.Build.0 = Debug|Any CPU
		{487C5041-2C39-419B-BD7D-1D08BF309724}.Release|Any CPU.ActiveCfg = Release|Any CPU
		{487C5041-2C39-419B-BD7D-1D08BF309724}.Release|Any CPU.Build.0 = Release|Any CPU
		{45CEB7DA-5AF3-4296-A20A-3B0283C262BE}.Debug|Any CPU.ActiveCfg = Debug|Any CPU
		{45CEB7DA-5AF3-4296-A20A-3B0283C262BE}.Debug|Any CPU.Build.0 = Debug|Any CPU
		{45CEB7DA-5AF3-4296-A20A-3B0283C262BE}.Release|Any CPU.ActiveCfg = Release|Any CPU
		{45CEB7DA-5AF3-4296-A20A-3B0283C262BE}.Release|Any CPU.Build.0 = Release|Any CPU
		{B0740A16-EEDC-4F1C-BE91-C7BF5B0D93E0}.Debug|Any CPU.ActiveCfg = Debug|Any CPU
		{B0740A16-EEDC-4F1C-BE91-C7BF5B0D93E0}.Debug|Any CPU.Build.0 = Debug|Any CPU
		{B0740A16-EEDC-4F1C-BE91-C7BF5B0D93E0}.Release|Any CPU.ActiveCfg = Release|Any CPU
		{B0740A16-EEDC-4F1C-BE91-C7BF5B0D93E0}.Release|Any CPU.Build.0 = Release|Any CPU
	EndGlobalSection
	GlobalSection(SolutionProperties) = preSolution
		HideSolutionNode = FALSE
	EndGlobalSection
EndGlobal
